
Microsoft Visual Studio Solution File, Format Version 12.00
# Visual Studio Version 17
VisualStudioVersion = 17.3.32811.315
MinimumVisualStudioVersion = 10.0.40219.1
Project("{FAE04EC0-301F-11D3-BF4B-00C04F79EFBC}") = "MonoGame3DCube", "MonoGame3DCube\MonoGame3DCube.csproj", "{62FF06C8-437A-4561-B18D-170AF3FD3BE0}"
EndProject
Global
	GlobalSection(SolutionConfigurationPlatforms) = preSolution
		Debug|Any CPU = Debug|Any CPU
		Release|Any CPU = Release|Any CPU
	EndGlobalSection
	GlobalSection(ProjectConfigurationPlatforms) = postSolution
		{62FF06C8-437A-4561-B18D-170AF3FD3BE0}.Debug|Any CPU.ActiveCfg = Debug|Any CPU
		{62FF06C8-437A-4561-B18D-170AF3FD3BE0}.Debug|Any CPU.Build.0 = Debug|Any CPU
		{62FF06C8-437A-4561-B18D-170AF3FD3BE0}.Release|Any CPU.ActiveCfg = Release|Any CPU
		{62FF06C8-437A-4561-B18D-170AF3FD3BE0}.Release|Any CPU.Build.0 = Release|Any CPU
	EndGlobalSection
	GlobalSection(SolutionProperties) = preSolution
		HideSolutionNode = FALSE
	EndGlobalSection
	GlobalSection(ExtensibilityGlobals) = postSolution
		SolutionGuid = {0E905324-7C1A-4B15-A0CC-E7467129C28F}
	EndGlobalSection
EndGlobal
